{
  "name": "node-amqp-connection-pool-manager",
  "version": "0.1.0",
  "lockfileVersion": 1,
  "requires": true,
  "dependencies": {
    "amqp-connection-manager": {
      "version": "3.0.0",
      "resolved": "https://registry.npmjs.org/amqp-connection-manager/-/amqp-connection-manager-3.0.0.tgz",
      "integrity": "sha512-a5MsUDsG+CqMjwk/WNFSTE0H4pAaWJXw7L24QFa3MeaB+KA05PXoBsppYlIzaIqc1XLWZwjO9J42AFHNrDsVFQ==",
      "requires": {
        "promise-breaker": "^5.0.0"
      }
    },
    "promise-breaker": {
      "version": "5.0.0",
      "resolved": "https://registry.npmjs.org/promise-breaker/-/promise-breaker-5.0.0.tgz",
      "integrity": "sha512-mgsWQuG4kJ1dtO6e/QlNDLFtMkMzzecsC69aI5hlLEjGHFNpHrvGhFi4LiK5jg2SMQj74/diH+wZliL9LpGsyA=="
    }
  }
}
